
Microsoft Visual Studio Solution File, Format Version 12.00
# Visual Studio Version 17
VisualStudioVersion = 17.3.32825.248
MinimumVisualStudioVersion = 10.0.40219.1
Project("{FAE04EC0-301F-11D3-BF4B-00C04F79EFBC}") = "bebra", "bebra.csproj", "{92EB3509-35FA-4D45-930A-589F523662C9}"
EndProject
Global
	GlobalSection(SolutionConfigurationPlatforms) = preSolution
		Debug|Any CPU = Debug|Any CPU
		Release|Any CPU = Release|Any CPU
	EndGlobalSection
	GlobalSection(ProjectConfigurationPlatforms) = postSolution
		{92EB3509-35FA-4D45-930A-589F523662C9}.Debug|Any CPU.ActiveCfg = Debug|Any CPU
		{92EB3509-35FA-4D45-930A-589F523662C9}.Debug|Any CPU.Build.0 = Debug|Any CPU
		{92EB3509-35FA-4D45-930A-589F523662C9}.Release|Any CPU.ActiveCfg = Release|Any CPU
		{92EB3509-35FA-4D45-930A-589F523662C9}.Release|Any CPU.Build.0 = Release|Any CPU
	EndGlobalSection
	GlobalSection(SolutionProperties) = preSolution
		HideSolutionNode = FALSE
	EndGlobalSection
	GlobalSection(ExtensibilityGlobals) = postSolution
		SolutionGuid = {91BBC0DA-0CD7-4F14-8213-EDB3A78BD6E3}
	EndGlobalSection
EndGlobal
